
Microsoft Visual Studio Solution File, Format Version 12.00
# Visual Studio Version 17
VisualStudioVersion = 17.8.34316.72
MinimumVisualStudioVersion = 10.0.40219.1
Project("{FAE04EC0-301F-11D3-BF4B-00C04F79EFBC}") = "WebAppLessonDDD.API", "WebAppLessonDDD\WebAppLessonDDD.API.csproj", "{6C3111CA-929F-40E6-B7CA-8651ACCDE3EC}"
EndProject
Project("{FAE04EC0-301F-11D3-BF4B-00C04F79EFBC}") = "WebAppLessonDDD.Core", "WebAppLessonDDD.Core\WebAppLessonDDD.Core.csproj", "{9F7129D7-49E5-4408-874D-C0E9D37AFDA5}"
EndProject
Project("{FAE04EC0-301F-11D3-BF4B-00C04F79EFBC}") = "WebAppLessonDDD.BL", "WebAppLessonDDD.BL\WebAppLessonDDD.BL.csproj", "{4EA339AF-04C4-49D9-B208-8EC8A1C2B53D}"
EndProject
Global
	GlobalSection(SolutionConfigurationPlatforms) = preSolution
		Debug|Any CPU = Debug|Any CPU
		Release|Any CPU = Release|Any CPU
	EndGlobalSection
	GlobalSection(ProjectConfigurationPlatforms) = postSolution
		{6C3111CA-929F-40E6-B7CA-8651ACCDE3EC}.Debug|Any CPU.ActiveCfg = Debug|Any CPU
		{6C3111CA-929F-40E6-B7CA-8651ACCDE3EC}.Debug|Any CPU.Build.0 = Debug|Any CPU
		{6C3111CA-929F-40E6-B7CA-8651ACCDE3EC}.Release|Any CPU.ActiveCfg = Release|Any CPU
		{6C3111CA-929F-40E6-B7CA-8651ACCDE3EC}.Release|Any CPU.Build.0 = Release|Any CPU
		{9F7129D7-49E5-4408-874D-C0E9D37AFDA5}.Debug|Any CPU.ActiveCfg = Debug|Any CPU
		{9F7129D7-49E5-4408-874D-C0E9D37AFDA5}.Debug|Any CPU.Build.0 = Debug|Any CPU
		{9F7129D7-49E5-4408-874D-C0E9D37AFDA5}.Release|Any CPU.ActiveCfg = Release|Any CPU
		{9F7129D7-49E5-4408-874D-C0E9D37AFDA5}.Release|Any CPU.Build.0 = Release|Any CPU
		{4EA339AF-04C4-49D9-B208-8EC8A1C2B53D}.Debug|Any CPU.ActiveCfg = Debug|Any CPU
		{4EA339AF-04C4-49D9-B208-8EC8A1C2B53D}.Debug|Any CPU.Build.0 = Debug|Any CPU
		{4EA339AF-04C4-49D9-B208-8EC8A1C2B53D}.Release|Any CPU.ActiveCfg = Release|Any CPU
		{4EA339AF-04C4-49D9-B208-8EC8A1C2B53D}.Release|Any CPU.Build.0 = Release|Any CPU
	EndGlobalSection
	GlobalSection(SolutionProperties) = preSolution
		HideSolutionNode = FALSE
	EndGlobalSection
	GlobalSection(ExtensibilityGlobals) = postSolution
		SolutionGuid = {1C41A9DD-BA5A-4880-8ED2-62B48B3E4FF0}
	EndGlobalSection
EndGlobal
